# This file is automatically @generated by Cargo.
# It is not intended for manual editing.
version = 4

[[package]]
name = "inception-core"
version = "0.1.0"

[[package]]
name = "inception-driver-dmx"
version = "0.1.0"
dependencies = [
 "inception-core",
 "inception-renderer",
 "inception-vm",
 "lux-bytecode",
 "lux-compiler",
]

[[package]]
name = "inception-driver-launchpad"
version = "0.1.0"

[[package]]
name = "inception-linker"
version = "0.1.0"

[[package]]
name = "inception-renderer"
version = "0.1.0"
dependencies = [
 "inception-core",
]

[[package]]
name = "inception-runtime"
version = "0.1.0"

[[package]]
name = "inception-vm"
version = "0.1.0"
dependencies = [
 "inception-core",
 "lux-bytecode",
 "lux-compiler",
]

[[package]]
name = "lux-bytecode"
version = "0.1.0"

[[package]]
name = "lux-cli"
version = "0.1.0"

[[package]]
name = "lux-compiler"
version = "0.1.0"
dependencies = [
 "lux-bytecode",
 "lux-hir",
 "lux-mir",
 "lux-syntax",
 "lux-typeck",
]

[[package]]
name = "lux-hir"
version = "0.1.0"
dependencies = [
 "lux-syntax",
]

[[package]]
name = "lux-lsp"
version = "0.1.0"

[[package]]
name = "lux-mir"
version = "0.1.0"
dependencies = [
 "lux-bytecode",
 "lux-hir",
 "lux-syntax",
 "lux-typeck",
]

[[package]]
name = "lux-syntax"
version = "0.1.0"

[[package]]
name = "lux-typeck"
version = "0.1.0"
dependencies = [
 "lux-hir",
 "lux-syntax",
]
